
Microsoft Visual Studio Solution File, Format Version 12.00
# Visual Studio Version 17
VisualStudioVersion = 17.0.32112.339
MinimumVisualStudioVersion = 10.0.40219.1
Project("{FAE04EC0-301F-11D3-BF4B-00C04F79EFBC}") = "OpPassword", "OpPassword\OpPassword.csproj", "{2FCBC0A9-FA0C-4F75-8C3F-D449230C92B3}"
EndProject
Global
	GlobalSection(SolutionConfigurationPlatforms) = preSolution
		Debug|Any CPU = Debug|Any CPU
		Release|Any CPU = Release|Any CPU
	EndGlobalSection
	GlobalSection(ProjectConfigurationPlatforms) = postSolution
		{2FCBC0A9-FA0C-4F75-8C3F-D449230C92B3}.Debug|Any CPU.ActiveCfg = Debug|Any CPU
		{2FCBC0A9-FA0C-4F75-8C3F-D449230C92B3}.Debug|Any CPU.Build.0 = Debug|Any CPU
		{2FCBC0A9-FA0C-4F75-8C3F-D449230C92B3}.Release|Any CPU.ActiveCfg = Release|Any CPU
		{2FCBC0A9-FA0C-4F75-8C3F-D449230C92B3}.Release|Any CPU.Build.0 = Release|Any CPU
	EndGlobalSection
	GlobalSection(SolutionProperties) = preSolution
		HideSolutionNode = FALSE
	EndGlobalSection
	GlobalSection(ExtensibilityGlobals) = postSolution
		SolutionGuid = {73BA6569-F8A7-46FC-916F-0661099DC9F5}
	EndGlobalSection
EndGlobal
